
Microsoft Visual Studio Solution File, Format Version 12.00
# Visual Studio 15
VisualStudioVersion = 15.0.27130.2010
MinimumVisualStudioVersion = 10.0.40219.1
Project("{FAE04EC0-301F-11D3-BF4B-00C04F79EFBC}") = "Hash", "Hash\Hash.csproj", "{CA66145D-36DD-46CA-BFCD-CD94BCE90470}"
EndProject
Global
	GlobalSection(SolutionConfigurationPlatforms) = preSolution
		Debug|Any CPU = Debug|Any CPU
		Release|Any CPU = Release|Any CPU
	EndGlobalSection
	GlobalSection(ProjectConfigurationPlatforms) = postSolution
		{CA66145D-36DD-46CA-BFCD-CD94BCE90470}.Debug|Any CPU.ActiveCfg = Debug|Any CPU
		{CA66145D-36DD-46CA-BFCD-CD94BCE90470}.Debug|Any CPU.Build.0 = Debug|Any CPU
		{CA66145D-36DD-46CA-BFCD-CD94BCE90470}.Release|Any CPU.ActiveCfg = Release|Any CPU
		{CA66145D-36DD-46CA-BFCD-CD94BCE90470}.Release|Any CPU.Build.0 = Release|Any CPU
	EndGlobalSection
	GlobalSection(SolutionProperties) = preSolution
		HideSolutionNode = FALSE
	EndGlobalSection
	GlobalSection(ExtensibilityGlobals) = postSolution
		SolutionGuid = {A117C60C-DF7D-461D-B8F1-049470ABC975}
	EndGlobalSection
EndGlobal
